
Microsoft Visual Studio Solution File, Format Version 12.00
# Visual Studio Version 16
VisualStudioVersion = 16.0.31515.178
MinimumVisualStudioVersion = 10.0.40219.1
Project("{9A19103F-16F7-4668-BE54-9A1E7A4F7556}") = "product-microservice-diy-kart", "product-microservice-diy-kart\product-microservice-diy-kart.csproj", "{4DC3A77E-0973-469F-90C1-CFCBA0418B3E}"
EndProject
Project("{E53339B2-1760-4266-BCC7-CA923CBCF16C}") = "docker-compose", "docker-compose.dcproj", "{CF87DC89-CA81-4F4F-A8C7-F319D67332FB}"
EndProject
Project("{9A19103F-16F7-4668-BE54-9A1E7A4F7556}") = "ProductMicroservice.Test", "ProductMicroservice.Test\ProductMicroservice.Test.csproj", "{B53E3496-3FC8-42AC-84D6-9D59E9CEC51F}"
EndProject
Global
	GlobalSection(SolutionConfigurationPlatforms) = preSolution
		Debug|Any CPU = Debug|Any CPU
		Release|Any CPU = Release|Any CPU
	EndGlobalSection
	GlobalSection(ProjectConfigurationPlatforms) = postSolution
		{4DC3A77E-0973-469F-90C1-CFCBA0418B3E}.Debug|Any CPU.ActiveCfg = Debug|Any CPU
		{4DC3A77E-0973-469F-90C1-CFCBA0418B3E}.Debug|Any CPU.Build.0 = Debug|Any CPU
		{4DC3A77E-0973-469F-90C1-CFCBA0418B3E}.Release|Any CPU.ActiveCfg = Release|Any CPU
		{4DC3A77E-0973-469F-90C1-CFCBA0418B3E}.Release|Any CPU.Build.0 = Release|Any CPU
		{CF87DC89-CA81-4F4F-A8C7-F319D67332FB}.Debug|Any CPU.ActiveCfg = Debug|Any CPU
		{CF87DC89-CA81-4F4F-A8C7-F319D67332FB}.Debug|Any CPU.Build.0 = Debug|Any CPU
		{CF87DC89-CA81-4F4F-A8C7-F319D67332FB}.Release|Any CPU.ActiveCfg = Release|Any CPU
		{CF87DC89-CA81-4F4F-A8C7-F319D67332FB}.Release|Any CPU.Build.0 = Release|Any CPU
		{B53E3496-3FC8-42AC-84D6-9D59E9CEC51F}.Debug|Any CPU.ActiveCfg = Debug|Any CPU
		{B53E3496-3FC8-42AC-84D6-9D59E9CEC51F}.Debug|Any CPU.Build.0 = Debug|Any CPU
		{B53E3496-3FC8-42AC-84D6-9D59E9CEC51F}.Release|Any CPU.ActiveCfg = Release|Any CPU
		{B53E3496-3FC8-42AC-84D6-9D59E9CEC51F}.Release|Any CPU.Build.0 = Release|Any CPU
	EndGlobalSection
	GlobalSection(SolutionProperties) = preSolution
		HideSolutionNode = FALSE
	EndGlobalSection
	GlobalSection(ExtensibilityGlobals) = postSolution
		SolutionGuid = {EB808F54-23F3-41D3-9624-3BB5A932150F}
	EndGlobalSection
EndGlobal
